// !$*UTF8*$!
{
	archiveVersion = 1;
	classes = {
	};
	objectVersion = 56;
	objects = {

/* Begin PBXBuildFile section */
		741EA6D72E379936001E49B0 /* Message.swift in Sources */ = {isa = PBXBuildFile; fileRef = 741EA6D62E379936001E49B0 /* Message.swift */; };
		741EA6DA2E37A82B001E49B0 /* ResultViewController.swift in Sources */ = {isa = PBXBuildFile; fileRef = 741EA6D92E37A82B001E49B0 /* ResultViewController.swift */; };
		741EA6DD2E37A964001E49B0 /* Coordinator.swift in Sources */ = {isa = PBXBuildFile; fileRef = 741EA6DC2E37A964001E49B0 /* Coordinator.swift */; };
		741EA6DF2E37A986001E49B0 /* AppCoordinator.swift in Sources */ = {isa = PBXBuildFile; fileRef = 741EA6DE2E37A986001E49B0 /* AppCoordinator.swift */; };
		741EA6E12E37AA9A001E49B0 /* Stoeyboardable.swift in Sources */ = {isa = PBXBuildFile; fileRef = 741EA6E02E37AA9A001E49B0 /* Stoeyboardable.swift */; };
		741EA6E52E37AE5A001E49B0 /* ResultViewModel.swift in Sources */ = {isa = PBXBuildFile; fileRef = 741EA6E42E37AE5A001E49B0 /* ResultViewModel.swift */; };
		741FDAB22E33CD1C00EEE698 /* AppDelegate.swift in Sources */ = {isa = PBXBuildFile; fileRef = 741FDAB12E33CD1C00EEE698 /* AppDelegate.swift */; };
		741FDAB62E33CD1C00EEE698 /* MainViewController.swift in Sources */ = {isa = PBXBuildFile; fileRef = 741FDAB52E33CD1C00EEE698 /* MainViewController.swift */; };
		741FDAB92E33CD1C00EEE698 /* Main.storyboard in Resources */ = {isa = PBXBuildFile; fileRef = 741FDAB72E33CD1C00EEE698 /* Main.storyboard */; };
		741FDABB2E33CD1F00EEE698 /* Assets.xcassets in Resources */ = {isa = PBXBuildFile; fileRef = 741FDABA2E33CD1F00EEE698 /* Assets.xcassets */; };
		741FDABE2E33CD1F00EEE698 /* LaunchScreen.storyboard in Resources */ = {isa = PBXBuildFile; fileRef = 741FDABC2E33CD1F00EEE698 /* LaunchScreen.storyboard */; };
		749900F02E368B1E0024E371 /* MainViewModel.swift in Sources */ = {isa = PBXBuildFile; fileRef = 749900EF2E368B1E0024E371 /* MainViewModel.swift */; };
		749900F22E368B480024E371 /* Dynamic.swift in Sources */ = {isa = PBXBuildFile; fileRef = 749900F12E368B480024E371 /* Dynamic.swift */; };
/* End PBXBuildFile section */

/* Begin PBXFileReference section */
		741EA6D62E379936001E49B0 /* Message.swift */ = {isa = PBXFileReference; lastKnownFileType = sourcecode.swift; path = Message.swift; sourceTree = "<group>"; };
		741EA6D92E37A82B001E49B0 /* ResultViewController.swift */ = {isa = PBXFileReference; lastKnownFileType = sourcecode.swift; path = ResultViewController.swift; sourceTree = "<group>"; };
		741EA6DC2E37A964001E49B0 /* Coordinator.swift */ = {isa = PBXFileReference; lastKnownFileType = sourcecode.swift; path = Coordinator.swift; sourceTree = "<group>"; };
		741EA6DE2E37A986001E49B0 /* AppCoordinator.swift */ = {isa = PBXFileReference; lastKnownFileType = sourcecode.swift; path = AppCoordinator.swift; sourceTree = "<group>"; };
		741EA6E02E37AA9A001E49B0 /* Stoeyboardable.swift */ = {isa = PBXFileReference; lastKnownFileType = sourcecode.swift; path = Stoeyboardable.swift; sourceTree = "<group>"; };
		741EA6E42E37AE5A001E49B0 /* ResultViewModel.swift */ = {isa = PBXFileReference; lastKnownFileType = sourcecode.swift; path = ResultViewModel.swift; sourceTree = "<group>"; };
		741FDAAE2E33CD1C00EEE698 /* Think Before You Act.app */ = {isa = PBXFileReference; explicitFileType = wrapper.application; includeInIndex = 0; path = "Think Before You Act.app"; sourceTree = BUILT_PRODUCTS_DIR; };
		741FDAB12E33CD1C00EEE698 /* AppDelegate.swift */ = {isa = PBXFileReference; lastKnownFileType = sourcecode.swift; path = AppDelegate.swift; sourceTree = "<group>"; };
		741FDAB52E33CD1C00EEE698 /* MainViewController.swift */ = {isa = PBXFileReference; lastKnownFileType = sourcecode.swift; path = MainViewController.swift; sourceTree = "<group>"; };
		741FDAB82E33CD1C00EEE698 /* Base */ = {isa = PBXFileReference; lastKnownFileType = file.storyboard; name = Base; path = Base.lproj/Main.storyboard; sourceTree = "<group>"; };
		741FDABA2E33CD1F00EEE698 /* Assets.xcassets */ = {isa = PBXFileReference; lastKnownFileType = folder.assetcatalog; path = Assets.xcassets; sourceTree = "<group>"; };
		741FDABD2E33CD1F00EEE698 /* Base */ = {isa = PBXFileReference; lastKnownFileType = file.storyboard; name = Base; path = Base.lproj/LaunchScreen.storyboard; sourceTree = "<group>"; };
		741FDABF2E33CD1F00EEE698 /* Info.plist */ = {isa = PBXFileReference; lastKnownFileType = text.plist.xml; path = Info.plist; sourceTree = "<group>"; };
		749900EF2E368B1E0024E371 /* MainViewModel.swift */ = {isa = PBXFileReference; lastKnownFileType = sourcecode.swift; path = MainViewModel.swift; sourceTree = "<group>"; };
		749900F12E368B480024E371 /* Dynamic.swift */ = {isa = PBXFileReference; lastKnownFileType = sourcecode.swift; path = Dynamic.swift; sourceTree = "<group>"; };
/* End PBXFileReference section */

/* Begin PBXFrameworksBuildPhase section */
		741FDAAB2E33CD1C00EEE698 /* Frameworks */ = {
			isa = PBXFrameworksBuildPhase;
			buildActionMask = 2147483647;
			files = (
			);
			runOnlyForDeploymentPostprocessing = 0;
		};
/* End PBXFrameworksBuildPhase section */

/* Begin PBXGroup section */
		741EA6D82E37A78A001E49B0 /* Coordinators */ = {
			isa = PBXGroup;
			children = (
				741EA6DE2E37A986001E49B0 /* AppCoordinator.swift */,
				741EA6DB2E37A93E001E49B0 /* Protocols */,
			);
			path = Coordinators;
			sourceTree = "<group>";
		};
		741EA6DB2E37A93E001E49B0 /* Protocols */ = {
			isa = PBXGroup;
			children = (
				741EA6DC2E37A964001E49B0 /* Coordinator.swift */,
			);
			path = Protocols;
			sourceTree = "<group>";
		};
		741EA6E22E37ADDD001E49B0 /* MainView */ = {
			isa = PBXGroup;
			children = (
				741FDAB52E33CD1C00EEE698 /* MainViewController.swift */,
				749900EF2E368B1E0024E371 /* MainViewModel.swift */,
			);
			path = MainView;
			sourceTree = "<group>";
		};
		741EA6E32E37AE12001E49B0 /* ResultView */ = {
			isa = PBXGroup;
			children = (
				741EA6D92E37A82B001E49B0 /* ResultViewController.swift */,
				741EA6E42E37AE5A001E49B0 /* ResultViewModel.swift */,
			);
			path = ResultView;
			sourceTree = "<group>";
		};
		741EA6E62E37AE82001E49B0 /* Stryboards */ = {
			isa = PBXGroup;
			children = (
				741FDABC2E33CD1F00EEE698 /* LaunchScreen.storyboard */,
				741FDAB72E33CD1C00EEE698 /* Main.storyboard */,
			);
			path = Stryboards;
			sourceTree = "<group>";
		};
		741EA6E72E37AEAD001E49B0 /* Models */ = {
			isa = PBXGroup;
			children = (
				741EA6D62E379936001E49B0 /* Message.swift */,
			);
			path = Models;
			sourceTree = "<group>";
		};
		741EA6E82E37B75A001E49B0 /* Supperting Files */ = {
			isa = PBXGroup;
			children = (
				741FDAB12E33CD1C00EEE698 /* AppDelegate.swift */,
				741FDABF2E33CD1F00EEE698 /* Info.plist */,
			);
			path = "Supperting Files";
			sourceTree = "<group>";
		};
		741EA6E92E37B80E001E49B0 /* Resources */ = {
			isa = PBXGroup;
			children = (
				741FDABA2E33CD1F00EEE698 /* Assets.xcassets */,
			);
			path = Resources;
			sourceTree = "<group>";
		};
		741EA6EA2E37B93D001E49B0 /* Protocols */ = {
			isa = PBXGroup;
			children = (
				741EA6E02E37AA9A001E49B0 /* Stoeyboardable.swift */,
			);
			path = Protocols;
			sourceTree = "<group>";
		};
		741EA6EB2E37B96A001E49B0 /* Core */ = {
			isa = PBXGroup;
			children = (
				749900F12E368B480024E371 /* Dynamic.swift */,
			);
			path = Core;
			sourceTree = "<group>";
		};
		741FDAA52E33CD1C00EEE698 = {
			isa = PBXGroup;
			children = (
				741FDAB02E33CD1C00EEE698 /* Think Before You Act */,
				741FDAAF2E33CD1C00EEE698 /* Products */,
			);
			sourceTree = "<group>";
		};
		741FDAAF2E33CD1C00EEE698 /* Products */ = {
			isa = PBXGroup;
			children = (
				741FDAAE2E33CD1C00EEE698 /* Think Before You Act.app */,
			);
			name = Products;
			sourceTree = "<group>";
		};
		741FDAB02E33CD1C00EEE698 /* Think Before You Act */ = {
			isa = PBXGroup;
			children = (
				741EA6E72E37AEAD001E49B0 /* Models */,
				741EA6E22E37ADDD001E49B0 /* MainView */,
				741EA6E32E37AE12001E49B0 /* ResultView */,
				741EA6D82E37A78A001E49B0 /* Coordinators */,
				741EA6EB2E37B96A001E49B0 /* Core */,
				741EA6EA2E37B93D001E49B0 /* Protocols */,
				741EA6E62E37AE82001E49B0 /* Stryboards */,
				741EA6E82E37B75A001E49B0 /* Supperting Files */,
				741EA6E92E37B80E001E49B0 /* Resources */,
			);
			path = "Think Before You Act";
			sourceTree = "<group>";
		};
/* End PBXGroup section */

/* Begin PBXNativeTarget section */
		741FDAAD2E33CD1C00EEE698 /* Think Before You Act */ = {
			isa = PBXNativeTarget;
			buildConfigurationList = 741FDAC22E33CD1F00EEE698 /* Build configuration list for PBXNativeTarget "Think Before You Act" */;
			buildPhases = (
				741FDAAA2E33CD1C00EEE698 /* Sources */,
				741FDAAB2E33CD1C00EEE698 /* Frameworks */,
				741FDAAC2E33CD1C00EEE698 /* Resources */,
			);
			buildRules = (
			);
			dependencies = (
			);
			name = "Think Before You Act";
			productName = "Think Before You Act";
			productReference = 741FDAAE2E33CD1C00EEE698 /* Think Before You Act.app */;
			productType = "com.apple.product-type.application";
		};
/* End PBXNativeTarget section */

/* Begin PBXProject section */
		741FDAA62E33CD1C00EEE698 /* Project object */ = {
			isa = PBXProject;
			attributes = {
				BuildIndependentTargetsInParallel = 1;
				LastSwiftUpdateCheck = 1420;
				LastUpgradeCheck = 1420;
				TargetAttributes = {
					741FDAAD2E33CD1C00EEE698 = {
						CreatedOnToolsVersion = 14.2;
					};
				};
			};
			buildConfigurationList = 741FDAA92E33CD1C00EEE698 /* Build configuration list for PBXProject "Think Before You Act" */;
			compatibilityVersion = "Xcode 14.0";
			developmentRegion = en;
			hasScannedForEncodings = 0;
			knownRegions = (
				en,
				Base,
			);
			mainGroup = 741FDAA52E33CD1C00EEE698;
			productRefGroup = 741FDAAF2E33CD1C00EEE698 /* Products */;
			projectDirPath = "";
			projectRoot = "";
			targets = (
				741FDAAD2E33CD1C00EEE698 /* Think Before You Act */,
			);
		};
/* End PBXProject section */

/* Begin PBXResourcesBuildPhase section */
		741FDAAC2E33CD1C00EEE698 /* Resources */ = {
			isa = PBXResourcesBuildPhase;
			buildActionMask = 2147483647;
			files = (
				741FDABE2E33CD1F00EEE698 /* LaunchScreen.storyboard in Resources */,
				741FDABB2E33CD1F00EEE698 /* Assets.xcassets in Resources */,
				741FDAB92E33CD1C00EEE698 /* Main.storyboard in Resources */,
			);
			runOnlyForDeploymentPostprocessing = 0;
		};
/* End PBXResourcesBuildPhase section */

/* Begin PBXSourcesBuildPhase section */
		741FDAAA2E33CD1C00EEE698 /* Sources */ = {
			isa = PBXSourcesBuildPhase;
			buildActionMask = 2147483647;
			files = (
				741EA6DD2E37A964001E49B0 /* Coordinator.swift in Sources */,
				741EA6E52E37AE5A001E49B0 /* ResultViewModel.swift in Sources */,
				741EA6E12E37AA9A001E49B0 /* Stoeyboardable.swift in Sources */,
				741FDAB62E33CD1C00EEE698 /* MainViewController.swift in Sources */,
				749900F22E368B480024E371 /* Dynamic.swift in Sources */,
				741EA6DA2E37A82B001E49B0 /* ResultViewController.swift in Sources */,
				741FDAB22E33CD1C00EEE698 /* AppDelegate.swift in Sources */,
				741EA6D72E379936001E49B0 /* Message.swift in Sources */,
				741EA6DF2E37A986001E49B0 /* AppCoordinator.swift in Sources */,
				749900F02E368B1E0024E371 /* MainViewModel.swift in Sources */,
			);
			runOnlyForDeploymentPostprocessing = 0;
		};
/* End PBXSourcesBuildPhase section */

/* Begin PBXVariantGroup section */
		741FDAB72E33CD1C00EEE698 /* Main.storyboard */ = {
			isa = PBXVariantGroup;
			children = (
				741FDAB82E33CD1C00EEE698 /* Base */,
			);
			name = Main.storyboard;
			sourceTree = "<group>";
		};
		741FDABC2E33CD1F00EEE698 /* LaunchScreen.storyboard */ = {
			isa = PBXVariantGroup;
			children = (
				741FDABD2E33CD1F00EEE698 /* Base */,
			);
			name = LaunchScreen.storyboard;
			sourceTree = "<group>";
		};
/* End PBXVariantGroup section */

/* Begin XCBuildConfiguration section */
		741FDAC02E33CD1F00EEE698 /* Debug */ = {
			isa = XCBuildConfiguration;
			buildSettings = {
				ALWAYS_SEARCH_USER_PATHS = NO;
				CLANG_ANALYZER_NONNULL = YES;
				CLANG_ANALYZER_NUMBER_OBJECT_CONVERSION = YES_AGGRESSIVE;
				CLANG_CXX_LANGUAGE_STANDARD = "gnu++20";
				CLANG_ENABLE_MODULES = YES;
				CLANG_ENABLE_OBJC_ARC = YES;
				CLANG_ENABLE_OBJC_WEAK = YES;
				CLANG_WARN_BLOCK_CAPTURE_AUTORELEASING = YES;
				CLANG_WARN_BOOL_CONVERSION = YES;
				CLANG_WARN_COMMA = YES;
				CLANG_WARN_CONSTANT_CONVERSION = YES;
				CLANG_WARN_DEPRECATED_OBJC_IMPLEMENTATIONS = YES;
				CLANG_WARN_DIRECT_OBJC_ISA_USAGE = YES_ERROR;
				CLANG_WARN_DOCUMENTATION_COMMENTS = YES;
				CLANG_WARN_EMPTY_BODY = YES;
				CLANG_WARN_ENUM_CONVERSION = YES;
				CLANG_WARN_INFINITE_RECURSION = YES;
				CLANG_WARN_INT_CONVERSION = YES;
				CLANG_WARN_NON_LITERAL_NULL_CONVERSION = YES;
				CLANG_WARN_OBJC_IMPLICIT_RETAIN_SELF = YES;
				CLANG_WARN_OBJC_LITERAL_CONVERSION = YES;
				CLANG_WARN_OBJC_ROOT_CLASS = YES_ERROR;
				CLANG_WARN_QUOTED_INCLUDE_IN_FRAMEWORK_HEADER = YES;
				CLANG_WARN_RANGE_LOOP_ANALYSIS = YES;
				CLANG_WARN_STRICT_PROTOTYPES = YES;
				CLANG_WARN_SUSPICIOUS_MOVE = YES;
				CLANG_WARN_UNGUARDED_AVAILABILITY = YES_AGGRESSIVE;
				CLANG_WARN_UNREACHABLE_CODE = YES;
				CLANG_WARN__DUPLICATE_METHOD_MATCH = YES;
				COPY_PHASE_STRIP = NO;
				DEBUG_INFORMATION_FORMAT = dwarf;
				ENABLE_STRICT_OBJC_MSGSEND = YES;
				ENABLE_TESTABILITY = YES;
				GCC_C_LANGUAGE_STANDARD = gnu11;
				GCC_DYNAMIC_NO_PIC = NO;
				GCC_NO_COMMON_BLOCKS = YES;
				GCC_OPTIMIZATION_LEVEL = 0;
				GCC_PREPROCESSOR_DEFINITIONS = (
					"DEBUG=1",
					"$(inherited)",
				);
				GCC_WARN_64_TO_32_BIT_CONVERSION = YES;
				GCC_WARN_ABOUT_RETURN_TYPE = YES_ERROR;
				GCC_WARN_UNDECLARED_SELECTOR = YES;
				GCC_WARN_UNINITIALIZED_AUTOS = YES_AGGRESSIVE;
				GCC_WARN_UNUSED_FUNCTION = YES;
				GCC_WARN_UNUSED_VARIABLE = YES;
				IPHONEOS_DEPLOYMENT_TARGET = 16.2;
				MTL_ENABLE_DEBUG_INFO = INCLUDE_SOURCE;
				MTL_FAST_MATH = YES;
				ONLY_ACTIVE_ARCH = YES;
				SDKROOT = iphoneos;
				SWIFT_ACTIVE_COMPILATION_CONDITIONS = DEBUG;
				SWIFT_OPTIMIZATION_LEVEL = "-Onone";
			};
			name = Debug;
		};
		741FDAC12E33CD1F00EEE698 /* Release */ = {
			isa = XCBuildConfiguration;
			buildSettings = {
				ALWAYS_SEARCH_USER_PATHS = NO;
				CLANG_ANALYZER_NONNULL = YES;
				CLANG_ANALYZER_NUMBER_OBJECT_CONVERSION = YES_AGGRESSIVE;
				CLANG_CXX_LANGUAGE_STANDARD = "gnu++20";
				CLANG_ENABLE_MODULES = YES;
				CLANG_ENABLE_OBJC_ARC = YES;
				CLANG_ENABLE_OBJC_WEAK = YES;
				CLANG_WARN_BLOCK_CAPTURE_AUTORELEASING = YES;
				CLANG_WARN_BOOL_CONVERSION = YES;
				CLANG_WARN_COMMA = YES;
				CLANG_WARN_CONSTANT_CONVERSION = YES;
				CLANG_WARN_DEPRECATED_OBJC_IMPLEMENTATIONS = YES;
				CLANG_WARN_DIRECT_OBJC_ISA_USAGE = YES_ERROR;
				CLANG_WARN_DOCUMENTATION_COMMENTS = YES;
				CLANG_WARN_EMPTY_BODY = YES;
				CLANG_WARN_ENUM_CONVERSION = YES;
				CLANG_WARN_INFINITE_RECURSION = YES;
				CLANG_WARN_INT_CONVERSION = YES;
				CLANG_WARN_NON_LITERAL_NULL_CONVERSION = YES;
				CLANG_WARN_OBJC_IMPLICIT_RETAIN_SELF = YES;
				CLANG_WARN_OBJC_LITERAL_CONVERSION = YES;
				CLANG_WARN_OBJC_ROOT_CLASS = YES_ERROR;
				CLANG_WARN_QUOTED_INCLUDE_IN_FRAMEWORK_HEADER = YES;
				CLANG_WARN_RANGE_LOOP_ANALYSIS = YES;
				CLANG_WARN_STRICT_PROTOTYPES = YES;
				CLANG_WARN_SUSPICIOUS_MOVE = YES;
				CLANG_WARN_UNGUARDED_AVAILABILITY = YES_AGGRESSIVE;
				CLANG_WARN_UNREACHABLE_CODE = YES;
				CLANG_WARN__DUPLICATE_METHOD_MATCH = YES;
				COPY_PHASE_STRIP = NO;
				DEBUG_INFORMATION_FORMAT = "dwarf-with-dsym";
				ENABLE_NS_ASSERTIONS = NO;
				ENABLE_STRICT_OBJC_MSGSEND = YES;
				GCC_C_LANGUAGE_STANDARD = gnu11;
				GCC_NO_COMMON_BLOCKS = YES;
				GCC_WARN_64_TO_32_BIT_CONVERSION = YES;
				GCC_WARN_ABOUT_RETURN_TYPE = YES_ERROR;
				GCC_WARN_UNDECLARED_SELECTOR = YES;
				GCC_WARN_UNINITIALIZED_AUTOS = YES_AGGRESSIVE;
				GCC_WARN_UNUSED_FUNCTION = YES;
				GCC_WARN_UNUSED_VARIABLE = YES;
				IPHONEOS_DEPLOYMENT_TARGET = 16.2;
				MTL_ENABLE_DEBUG_INFO = NO;
				MTL_FAST_MATH = YES;
				SDKROOT = iphoneos;
				SWIFT_COMPILATION_MODE = wholemodule;
				SWIFT_OPTIMIZATION_LEVEL = "-O";
				VALIDATE_PRODUCT = YES;
			};
			name = Release;
		};
		741FDAC32E33CD1F00EEE698 /* Debug */ = {
			isa = XCBuildConfiguration;
			buildSettings = {
				ASSETCATALOG_COMPILER_APPICON_NAME = AppIcon;
				ASSETCATALOG_COMPILER_GLOBAL_ACCENT_COLOR_NAME = AccentColor;
				CODE_SIGN_STYLE = Automatic;
				CURRENT_PROJECT_VERSION = 1;
				DEVELOPMENT_TEAM = 7T366N6QTR;
				GENERATE_INFOPLIST_FILE = YES;
				INFOPLIST_FILE = "Think Before You Act/Supperting Files/Info.plist";
				INFOPLIST_KEY_UIApplicationSupportsIndirectInputEvents = YES;
				INFOPLIST_KEY_UILaunchStoryboardName = LaunchScreen;
				INFOPLIST_KEY_UIMainStoryboardFile = Main;
				INFOPLIST_KEY_UISupportedInterfaceOrientations = UIInterfaceOrientationPortrait;
				INFOPLIST_KEY_UISupportedInterfaceOrientations_iPad = "UIInterfaceOrientationLandscapeLeft UIInterfaceOrientationLandscapeRight UIInterfaceOrientationPortrait UIInterfaceOrientationPortraitUpsideDown";
				LD_RUNPATH_SEARCH_PATHS = (
					"$(inherited)",
					"@executable_path/Frameworks",
				);
				MARKETING_VERSION = 1.0;
				PRODUCT_BUNDLE_IDENTIFIER = "com.Manzhosov.Alexandr.Think-Before-You-Act";
				PRODUCT_NAME = "$(TARGET_NAME)";
				SUPPORTED_PLATFORMS = "iphoneos iphonesimulator";
				SUPPORTS_MACCATALYST = NO;
				SUPPORTS_MAC_DESIGNED_FOR_IPHONE_IPAD = NO;
				SWIFT_EMIT_LOC_STRINGS = YES;
				SWIFT_VERSION = 5.0;
				TARGETED_DEVICE_FAMILY = 1;
			};
			name = Debug;
		};
		741FDAC42E33CD1F00EEE698 /* Release */ = {
			isa = XCBuildConfiguration;
			buildSettings = {
				ASSETCATALOG_COMPILER_APPICON_NAME = AppIcon;
				ASSETCATALOG_COMPILER_GLOBAL_ACCENT_COLOR_NAME = AccentColor;
				CODE_SIGN_STYLE = Automatic;
				CURRENT_PROJECT_VERSION = 1;
				DEVELOPMENT_TEAM = 7T366N6QTR;
				GENERATE_INFOPLIST_FILE = YES;
				INFOPLIST_FILE = "Think Before You Act/Supperting Files/Info.plist";
				INFOPLIST_KEY_UIApplicationSupportsIndirectInputEvents = YES;
				INFOPLIST_KEY_UILaunchStoryboardName = LaunchScreen;
				INFOPLIST_KEY_UIMainStoryboardFile = Main;
				INFOPLIST_KEY_UISupportedInterfaceOrientations = UIInterfaceOrientationPortrait;
				INFOPLIST_KEY_UISupportedInterfaceOrientations_iPad = "UIInterfaceOrientationLandscapeLeft UIInterfaceOrientationLandscapeRight UIInterfaceOrientationPortrait UIInterfaceOrientationPortraitUpsideDown";
				LD_RUNPATH_SEARCH_PATHS = (
					"$(inherited)",
					"@executable_path/Frameworks",
				);
				MARKETING_VERSION = 1.0;
				PRODUCT_BUNDLE_IDENTIFIER = "com.Manzhosov.Alexandr.Think-Before-You-Act";
				PRODUCT_NAME = "$(TARGET_NAME)";
				SUPPORTED_PLATFORMS = "iphoneos iphonesimulator";
				SUPPORTS_MACCATALYST = NO;
				SUPPORTS_MAC_DESIGNED_FOR_IPHONE_IPAD = NO;
				SWIFT_EMIT_LOC_STRINGS = YES;
				SWIFT_VERSION = 5.0;
				TARGETED_DEVICE_FAMILY = 1;
			};
			name = Release;
		};
/* End XCBuildConfiguration section */

/* Begin XCConfigurationList section */
		741FDAA92E33CD1C00EEE698 /* Build configuration list for PBXProject "Think Before You Act" */ = {
			isa = XCConfigurationList;
			buildConfigurations = (
				741FDAC02E33CD1F00EEE698 /* Debug */,
				741FDAC12E33CD1F00EEE698 /* Release */,
			);
			defaultConfigurationIsVisible = 0;
			defaultConfigurationName = Release;
		};
		741FDAC22E33CD1F00EEE698 /* Build configuration list for PBXNativeTarget "Think Before You Act" */ = {
			isa = XCConfigurationList;
			buildConfigurations = (
				741FDAC32E33CD1F00EEE698 /* Debug */,
				741FDAC42E33CD1F00EEE698 /* Release */,
			);
			defaultConfigurationIsVisible = 0;
			defaultConfigurationName = Release;
		};
/* End XCConfigurationList section */
	};
	rootObject = 741FDAA62E33CD1C00EEE698 /* Project object */;
}
